// !$*UTF8*$!
{
	archiveVersion = 1;
	classes = {
	};
	objectVersion = 46;
	objects = {

/* Begin PBXBuildFile section */
		8819AB421DAD24FF003A91D0 /* AppDelegate.swift in Sources */ = {isa = PBXBuildFile; fileRef = 8819AB411DAD24FF003A91D0 /* AppDelegate.swift */; };
		8819AB441DAD24FF003A91D0 /* ViewController.swift in Sources */ = {isa = PBXBuildFile; fileRef = 8819AB431DAD24FF003A91D0 /* ViewController.swift */; };
		8819AB471DAD24FF003A91D0 /* Main.storyboard in Resources */ = {isa = PBXBuildFile; fileRef = 8819AB451DAD24FF003A91D0 /* Main.storyboard */; };
		8819AB491DAD24FF003A91D0 /* Assets.xcassets in Resources */ = {isa = PBXBuildFile; fileRef = 8819AB481DAD24FF003A91D0 /* Assets.xcassets */; };
		8819AB4C1DAD24FF003A91D0 /* LaunchScreen.storyboard in Resources */ = {isa = PBXBuildFile; fileRef = 8819AB4A1DAD24FF003A91D0 /* LaunchScreen.storyboard */; };
		8819AB5B1DAD2674003A91D0 /* IntentHandler.swift in Sources */ = {isa = PBXBuildFile; fileRef = 8819AB5A1DAD2674003A91D0 /* IntentHandler.swift */; };
		8819AB5F1DAD2674003A91D0 /* SiriPhotoIntent.appex in Embed App Extensions */ = {isa = PBXBuildFile; fileRef = 8819AB581DAD2674003A91D0 /* SiriPhotoIntent.appex */; settings = {ATTRIBUTES = (RemoveHeadersOnCopy, ); }; };
/* End PBXBuildFile section */

/* Begin PBXContainerItemProxy section */
		8819AB5D1DAD2674003A91D0 /* PBXContainerItemProxy */ = {
			isa = PBXContainerItemProxy;
			containerPortal = 8819AB361DAD24FF003A91D0 /* Project object */;
			proxyType = 1;
			remoteGlobalIDString = 8819AB571DAD2674003A91D0;
			remoteInfo = SiriPhotoIntent;
		};
/* End PBXContainerItemProxy section */

/* Begin PBXCopyFilesBuildPhase section */
		8819AB631DAD2674003A91D0 /* Embed App Extensions */ = {
			isa = PBXCopyFilesBuildPhase;
			buildActionMask = 2147483647;
			dstPath = "";
			dstSubfolderSpec = 13;
			files = (
				8819AB5F1DAD2674003A91D0 /* SiriPhotoIntent.appex in Embed App Extensions */,
			);
			name = "Embed App Extensions";
			runOnlyForDeploymentPostprocessing = 0;
		};
/* End PBXCopyFilesBuildPhase section */

/* Begin PBXFileReference section */
		8819AB3E1DAD24FF003A91D0 /* SiriPhoto.app */ = {isa = PBXFileReference; explicitFileType = wrapper.application; includeInIndex = 0; path = SiriPhoto.app; sourceTree = BUILT_PRODUCTS_DIR; };
		8819AB411DAD24FF003A91D0 /* AppDelegate.swift */ = {isa = PBXFileReference; lastKnownFileType = sourcecode.swift; path = AppDelegate.swift; sourceTree = "<group>"; };
		8819AB431DAD24FF003A91D0 /* ViewController.swift */ = {isa = PBXFileReference; lastKnownFileType = sourcecode.swift; path = ViewController.swift; sourceTree = "<group>"; };
		8819AB461DAD24FF003A91D0 /* Base */ = {isa = PBXFileReference; lastKnownFileType = file.storyboard; name = Base; path = Base.lproj/Main.storyboard; sourceTree = "<group>"; };
		8819AB481DAD24FF003A91D0 /* Assets.xcassets */ = {isa = PBXFileReference; lastKnownFileType = folder.assetcatalog; path = Assets.xcassets; sourceTree = "<group>"; };
		8819AB4B1DAD24FF003A91D0 /* Base */ = {isa = PBXFileReference; lastKnownFileType = file.storyboard; name = Base; path = Base.lproj/LaunchScreen.storyboard; sourceTree = "<group>"; };
		8819AB4D1DAD24FF003A91D0 /* Info.plist */ = {isa = PBXFileReference; lastKnownFileType = text.plist.xml; path = Info.plist; sourceTree = "<group>"; };
		8819AB531DAD2515003A91D0 /* SiriPhoto.entitlements */ = {isa = PBXFileReference; lastKnownFileType = text.plist.entitlements; path = SiriPhoto.entitlements; sourceTree = "<group>"; };
		8819AB581DAD2674003A91D0 /* SiriPhotoIntent.appex */ = {isa = PBXFileReference; explicitFileType = "wrapper.app-extension"; includeInIndex = 0; path = SiriPhotoIntent.appex; sourceTree = BUILT_PRODUCTS_DIR; };
		8819AB5A1DAD2674003A91D0 /* IntentHandler.swift */ = {isa = PBXFileReference; lastKnownFileType = sourcecode.swift; path = IntentHandler.swift; sourceTree = "<group>"; };
		8819AB5C1DAD2674003A91D0 /* Info.plist */ = {isa = PBXFileReference; lastKnownFileType = text.plist.xml; path = Info.plist; sourceTree = "<group>"; };
/* End PBXFileReference section */

/* Begin PBXFrameworksBuildPhase section */
		8819AB3B1DAD24FF003A91D0 /* Frameworks */ = {
			isa = PBXFrameworksBuildPhase;
			buildActionMask = 2147483647;
			files = (
			);
			runOnlyForDeploymentPostprocessing = 0;
		};
		8819AB551DAD2674003A91D0 /* Frameworks */ = {
			isa = PBXFrameworksBuildPhase;
			buildActionMask = 2147483647;
			files = (
			);
			runOnlyForDeploymentPostprocessing = 0;
		};
/* End PBXFrameworksBuildPhase section */

/* Begin PBXGroup section */
		8819AB351DAD24FF003A91D0 = {
			isa = PBXGroup;
			children = (
				8819AB401DAD24FF003A91D0 /* SiriPhoto */,
				8819AB591DAD2674003A91D0 /* SiriPhotoIntent */,
				8819AB3F1DAD24FF003A91D0 /* Products */,
			);
			sourceTree = "<group>";
		};
		8819AB3F1DAD24FF003A91D0 /* Products */ = {
			isa = PBXGroup;
			children = (
				8819AB3E1DAD24FF003A91D0 /* SiriPhoto.app */,
				8819AB581DAD2674003A91D0 /* SiriPhotoIntent.appex */,
			);
			name = Products;
			sourceTree = "<group>";
		};
		8819AB401DAD24FF003A91D0 /* SiriPhoto */ = {
			isa = PBXGroup;
			children = (
				8819AB531DAD2515003A91D0 /* SiriPhoto.entitlements */,
				8819AB411DAD24FF003A91D0 /* AppDelegate.swift */,
				8819AB431DAD24FF003A91D0 /* ViewController.swift */,
				8819AB451DAD24FF003A91D0 /* Main.storyboard */,
				8819AB481DAD24FF003A91D0 /* Assets.xcassets */,
				8819AB4A1DAD24FF003A91D0 /* LaunchScreen.storyboard */,
				8819AB4D1DAD24FF003A91D0 /* Info.plist */,
			);
			path = SiriPhoto;
			sourceTree = "<group>";
		};
		8819AB591DAD2674003A91D0 /* SiriPhotoIntent */ = {
			isa = PBXGroup;
			children = (
				8819AB5A1DAD2674003A91D0 /* IntentHandler.swift */,
				8819AB5C1DAD2674003A91D0 /* Info.plist */,
			);
			path = SiriPhotoIntent;
			sourceTree = "<group>";
		};
/* End PBXGroup section */

/* Begin PBXNativeTarget section */
		8819AB3D1DAD24FF003A91D0 /* SiriPhoto */ = {
			isa = PBXNativeTarget;
			buildConfigurationList = 8819AB501DAD24FF003A91D0 /* Build configuration list for PBXNativeTarget "SiriPhoto" */;
			buildPhases = (
				8819AB3A1DAD24FF003A91D0 /* Sources */,
				8819AB3B1DAD24FF003A91D0 /* Frameworks */,
				8819AB3C1DAD24FF003A91D0 /* Resources */,
				8819AB631DAD2674003A91D0 /* Embed App Extensions */,
			);
			buildRules = (
			);
			dependencies = (
				8819AB5E1DAD2674003A91D0 /* PBXTargetDependency */,
			);
			name = SiriPhoto;
			productName = SiriPhoto;
			productReference = 8819AB3E1DAD24FF003A91D0 /* SiriPhoto.app */;
			productType = "com.apple.product-type.application";
		};
		8819AB571DAD2674003A91D0 /* SiriPhotoIntent */ = {
			isa = PBXNativeTarget;
			buildConfigurationList = 8819AB601DAD2674003A91D0 /* Build configuration list for PBXNativeTarget "SiriPhotoIntent" */;
			buildPhases = (
				8819AB541DAD2674003A91D0 /* Sources */,
				8819AB551DAD2674003A91D0 /* Frameworks */,
				8819AB561DAD2674003A91D0 /* Resources */,
			);
			buildRules = (
			);
			dependencies = (
			);
			name = SiriPhotoIntent;
			productName = SiriPhotoIntent;
			productReference = 8819AB581DAD2674003A91D0 /* SiriPhotoIntent.appex */;
			productType = "com.apple.product-type.app-extension";
		};
/* End PBXNativeTarget section */

/* Begin PBXProject section */
		8819AB361DAD24FF003A91D0 /* Project object */ = {
			isa = PBXProject;
			attributes = {
				LastSwiftUpdateCheck = 0810;
				LastUpgradeCheck = 0810;
				ORGANIZATIONNAME = eBookFrenzy;
				TargetAttributes = {
					8819AB3D1DAD24FF003A91D0 = {
						CreatedOnToolsVersion = 8.1;
						DevelopmentTeam = UJ7U3D8T3A;
						ProvisioningStyle = Automatic;
						SystemCapabilities = {
							com.apple.Siri = {
								enabled = 1;
							};
						};
					};
					8819AB571DAD2674003A91D0 = {
						CreatedOnToolsVersion = 8.1;
						DevelopmentTeam = 2UTH99GSB7;
						ProvisioningStyle = Automatic;
					};
				};
			};
			buildConfigurationList = 8819AB391DAD24FF003A91D0 /* Build configuration list for PBXProject "SiriPhoto" */;
			compatibilityVersion = "Xcode 3.2";
			developmentRegion = English;
			hasScannedForEncodings = 0;
			knownRegions = (
				en,
				Base,
			);
			mainGroup = 8819AB351DAD24FF003A91D0;
			productRefGroup = 8819AB3F1DAD24FF003A91D0 /* Products */;
			projectDirPath = "";
			projectRoot = "";
			targets = (
				8819AB3D1DAD24FF003A91D0 /* SiriPhoto */,
				8819AB571DAD2674003A91D0 /* SiriPhotoIntent */,
			);
		};
/* End PBXProject section */

/* Begin PBXResourcesBuildPhase section */
		8819AB3C1DAD24FF003A91D0 /* Resources */ = {
			isa = PBXResourcesBuildPhase;
			buildActionMask = 2147483647;
			files = (
				8819AB4C1DAD24FF003A91D0 /* LaunchScreen.storyboard in Resources */,
				8819AB491DAD24FF003A91D0 /* Assets.xcassets in Resources */,
				8819AB471DAD24FF003A91D0 /* Main.storyboard in Resources */,
			);
			runOnlyForDeploymentPostprocessing = 0;
		};
		8819AB561DAD2674003A91D0 /* Resources */ = {
			isa = PBXResourcesBuildPhase;
			buildActionMask = 2147483647;
			files = (
			);
			runOnlyForDeploymentPostprocessing = 0;
		};
/* End PBXResourcesBuildPhase section */

/* Begin PBXSourcesBuildPhase section */
		8819AB3A1DAD24FF003A91D0 /* Sources */ = {
			isa = PBXSourcesBuildPhase;
			buildActionMask = 2147483647;
			files = (
				8819AB441DAD24FF003A91D0 /* ViewController.swift in Sources */,
				8819AB421DAD24FF003A91D0 /* AppDelegate.swift in Sources */,
			);
			runOnlyForDeploymentPostprocessing = 0;
		};
		8819AB541DAD2674003A91D0 /* Sources */ = {
			isa = PBXSourcesBuildPhase;
			buildActionMask = 2147483647;
			files = (
				8819AB5B1DAD2674003A91D0 /* IntentHandler.swift in Sources */,
			);
			runOnlyForDeploymentPostprocessing = 0;
		};
/* End PBXSourcesBuildPhase section */

/* Begin PBXTargetDependency section */
		8819AB5E1DAD2674003A91D0 /* PBXTargetDependency */ = {
			isa = PBXTargetDependency;
			target = 8819AB571DAD2674003A91D0 /* SiriPhotoIntent */;
			targetProxy = 8819AB5D1DAD2674003A91D0 /* PBXContainerItemProxy */;
		};
/* End PBXTargetDependency section */

/* Begin PBXVariantGroup section */
		8819AB451DAD24FF003A91D0 /* Main.storyboard */ = {
			isa = PBXVariantGroup;
			children = (
				8819AB461DAD24FF003A91D0 /* Base */,
			);
			name = Main.storyboard;
			sourceTree = "<group>";
		};
		8819AB4A1DAD24FF003A91D0 /* LaunchScreen.storyboard */ = {
			isa = PBXVariantGroup;
			children = (
				8819AB4B1DAD24FF003A91D0 /* Base */,
			);
			name = LaunchScreen.storyboard;
			sourceTree = "<group>";
		};
/* End PBXVariantGroup section */

/* Begin XCBuildConfiguration section */
		8819AB4E1DAD24FF003A91D0 /* Debug */ = {
			isa = XCBuildConfiguration;
			buildSettings = {
				ALWAYS_SEARCH_USER_PATHS = NO;
				CLANG_ANALYZER_NONNULL = YES;
				CLANG_CXX_LANGUAGE_STANDARD = "gnu++0x";
				CLANG_CXX_LIBRARY = "libc++";
				CLANG_ENABLE_MODULES = YES;
				CLANG_ENABLE_OBJC_ARC = YES;
				CLANG_WARN_BOOL_CONVERSION = YES;
				CLANG_WARN_CONSTANT_CONVERSION = YES;
				CLANG_WARN_DIRECT_OBJC_ISA_USAGE = YES_ERROR;
				CLANG_WARN_DOCUMENTATION_COMMENTS = YES;
				CLANG_WARN_EMPTY_BODY = YES;
				CLANG_WARN_ENUM_CONVERSION = YES;
				CLANG_WARN_INFINITE_RECURSION = YES;
				CLANG_WARN_INT_CONVERSION = YES;
				CLANG_WARN_OBJC_ROOT_CLASS = YES_ERROR;
				CLANG_WARN_SUSPICIOUS_MOVES = YES;
				CLANG_WARN_UNREACHABLE_CODE = YES;
				CLANG_WARN__DUPLICATE_METHOD_MATCH = YES;
				"CODE_SIGN_IDENTITY[sdk=iphoneos*]" = "iPhone Developer";
				COPY_PHASE_STRIP = NO;
				DEBUG_INFORMATION_FORMAT = dwarf;
				ENABLE_STRICT_OBJC_MSGSEND = YES;
				ENABLE_TESTABILITY = YES;
				GCC_C_LANGUAGE_STANDARD = gnu99;
				GCC_DYNAMIC_NO_PIC = NO;
				GCC_NO_COMMON_BLOCKS = YES;
				GCC_OPTIMIZATION_LEVEL = 0;
				GCC_PREPROCESSOR_DEFINITIONS = (
					"DEBUG=1",
					"$(inherited)",
				);
				GCC_WARN_64_TO_32_BIT_CONVERSION = YES;
				GCC_WARN_ABOUT_RETURN_TYPE = YES_ERROR;
				GCC_WARN_UNDECLARED_SELECTOR = YES;
				GCC_WARN_UNINITIALIZED_AUTOS = YES_AGGRESSIVE;
				GCC_WARN_UNUSED_FUNCTION = YES;
				GCC_WARN_UNUSED_VARIABLE = YES;
				IPHONEOS_DEPLOYMENT_TARGET = 10.1;
				MTL_ENABLE_DEBUG_INFO = YES;
				ONLY_ACTIVE_ARCH = YES;
				SDKROOT = iphoneos;
				SWIFT_ACTIVE_COMPILATION_CONDITIONS = DEBUG;
				SWIFT_OPTIMIZATION_LEVEL = "-Onone";
				TARGETED_DEVICE_FAMILY = "1,2";
			};
			name = Debug;
		};
		8819AB4F1DAD24FF003A91D0 /* Release */ = {
			isa = XCBuildConfiguration;
			buildSettings = {
				ALWAYS_SEARCH_USER_PATHS = NO;
				CLANG_ANALYZER_NONNULL = YES;
				CLANG_CXX_LANGUAGE_STANDARD = "gnu++0x";
				CLANG_CXX_LIBRARY = "libc++";
				CLANG_ENABLE_MODULES = YES;
				CLANG_ENABLE_OBJC_ARC = YES;
				CLANG_WARN_BOOL_CONVERSION = YES;
				CLANG_WARN_CONSTANT_CONVERSION = YES;
				CLANG_WARN_DIRECT_OBJC_ISA_USAGE = YES_ERROR;
				CLANG_WARN_DOCUMENTATION_COMMENTS = YES;
				CLANG_WARN_EMPTY_BODY = YES;
				CLANG_WARN_ENUM_CONVERSION = YES;
				CLANG_WARN_INFINITE_RECURSION = YES;
				CLANG_WARN_INT_CONVERSION = YES;
				CLANG_WARN_OBJC_ROOT_CLASS = YES_ERROR;
				CLANG_WARN_SUSPICIOUS_MOVES = YES;
				CLANG_WARN_UNREACHABLE_CODE = YES;
				CLANG_WARN__DUPLICATE_METHOD_MATCH = YES;
				"CODE_SIGN_IDENTITY[sdk=iphoneos*]" = "iPhone Developer";
				COPY_PHASE_STRIP = NO;
				DEBUG_INFORMATION_FORMAT = "dwarf-with-dsym";
				ENABLE_NS_ASSERTIONS = NO;
				ENABLE_STRICT_OBJC_MSGSEND = YES;
				GCC_C_LANGUAGE_STANDARD = gnu99;
				GCC_NO_COMMON_BLOCKS = YES;
				GCC_WARN_64_TO_32_BIT_CONVERSION = YES;
				GCC_WARN_ABOUT_RETURN_TYPE = YES_ERROR;
				GCC_WARN_UNDECLARED_SELECTOR = YES;
				GCC_WARN_UNINITIALIZED_AUTOS = YES_AGGRESSIVE;
				GCC_WARN_UNUSED_FUNCTION = YES;
				GCC_WARN_UNUSED_VARIABLE = YES;
				IPHONEOS_DEPLOYMENT_TARGET = 10.1;
				MTL_ENABLE_DEBUG_INFO = NO;
				SDKROOT = iphoneos;
				SWIFT_OPTIMIZATION_LEVEL = "-Owholemodule";
				TARGETED_DEVICE_FAMILY = "1,2";
				VALIDATE_PRODUCT = YES;
			};
			name = Release;
		};
		8819AB511DAD24FF003A91D0 /* Debug */ = {
			isa = XCBuildConfiguration;
			buildSettings = {
				ALWAYS_EMBED_SWIFT_STANDARD_LIBRARIES = YES;
				ASSETCATALOG_COMPILER_APPICON_NAME = AppIcon;
				CODE_SIGN_ENTITLEMENTS = SiriPhoto/SiriPhoto.entitlements;
				DEVELOPMENT_TEAM = UJ7U3D8T3A;
				INFOPLIST_FILE = SiriPhoto/Info.plist;
				LD_RUNPATH_SEARCH_PATHS = "$(inherited) @executable_path/Frameworks";
				PRODUCT_BUNDLE_IDENTIFIER = com.payloadmedia.SiriPhoto;
				PRODUCT_NAME = "$(TARGET_NAME)";
				SWIFT_VERSION = 3.0;
			};
			name = Debug;
		};
		8819AB521DAD24FF003A91D0 /* Release */ = {
			isa = XCBuildConfiguration;
			buildSettings = {
				ALWAYS_EMBED_SWIFT_STANDARD_LIBRARIES = YES;
				ASSETCATALOG_COMPILER_APPICON_NAME = AppIcon;
				CODE_SIGN_ENTITLEMENTS = SiriPhoto/SiriPhoto.entitlements;
				DEVELOPMENT_TEAM = UJ7U3D8T3A;
				INFOPLIST_FILE = SiriPhoto/Info.plist;
				LD_RUNPATH_SEARCH_PATHS = "$(inherited) @executable_path/Frameworks";
				PRODUCT_BUNDLE_IDENTIFIER = com.payloadmedia.SiriPhoto;
				PRODUCT_NAME = "$(TARGET_NAME)";
				SWIFT_VERSION = 3.0;
			};
			name = Release;
		};
		8819AB611DAD2674003A91D0 /* Debug */ = {
			isa = XCBuildConfiguration;
			buildSettings = {
				DEVELOPMENT_TEAM = 2UTH99GSB7;
				INFOPLIST_FILE = SiriPhotoIntent/Info.plist;
				LD_RUNPATH_SEARCH_PATHS = "$(inherited) @executable_path/Frameworks @executable_path/../../Frameworks";
				PRODUCT_BUNDLE_IDENTIFIER = com.payloadmedia.SiriPhoto.SiriPhotoIntent;
				PRODUCT_NAME = "$(TARGET_NAME)";
				SKIP_INSTALL = YES;
				SWIFT_VERSION = 3.0;
			};
			name = Debug;
		};
		8819AB621DAD2674003A91D0 /* Release */ = {
			isa = XCBuildConfiguration;
			buildSettings = {
				DEVELOPMENT_TEAM = 2UTH99GSB7;
				INFOPLIST_FILE = SiriPhotoIntent/Info.plist;
				LD_RUNPATH_SEARCH_PATHS = "$(inherited) @executable_path/Frameworks @executable_path/../../Frameworks";
				PRODUCT_BUNDLE_IDENTIFIER = com.payloadmedia.SiriPhoto.SiriPhotoIntent;
				PRODUCT_NAME = "$(TARGET_NAME)";
				SKIP_INSTALL = YES;
				SWIFT_VERSION = 3.0;
			};
			name = Release;
		};
/* End XCBuildConfiguration section */

/* Begin XCConfigurationList section */
		8819AB391DAD24FF003A91D0 /* Build configuration list for PBXProject "SiriPhoto" */ = {
			isa = XCConfigurationList;
			buildConfigurations = (
				8819AB4E1DAD24FF003A91D0 /* Debug */,
				8819AB4F1DAD24FF003A91D0 /* Release */,
			);
			defaultConfigurationIsVisible = 0;
			defaultConfigurationName = Release;
		};
		8819AB501DAD24FF003A91D0 /* Build configuration list for PBXNativeTarget "SiriPhoto" */ = {
			isa = XCConfigurationList;
			buildConfigurations = (
				8819AB511DAD24FF003A91D0 /* Debug */,
				8819AB521DAD24FF003A91D0 /* Release */,
			);
			defaultConfigurationIsVisible = 0;
			defaultConfigurationName = Release;
		};
		8819AB601DAD2674003A91D0 /* Build configuration list for PBXNativeTarget "SiriPhotoIntent" */ = {
			isa = XCConfigurationList;
			buildConfigurations = (
				8819AB611DAD2674003A91D0 /* Debug */,
				8819AB621DAD2674003A91D0 /* Release */,
			);
			defaultConfigurationIsVisible = 0;
			defaultConfigurationName = Release;
		};
/* End XCConfigurationList section */
	};
	rootObject = 8819AB361DAD24FF003A91D0 /* Project object */;
}
