// !$*UTF8*$!
{
	archiveVersion = 1;
	classes = {
	};
	objectVersion = 46;
	objects = {

/* Begin PBXBuildFile section */
		882112021DAAD55500A761DB /* AppDelegate.swift in Sources */ = {isa = PBXBuildFile; fileRef = 882112011DAAD55500A761DB /* AppDelegate.swift */; };
		882112041DAAD55500A761DB /* ViewController.swift in Sources */ = {isa = PBXBuildFile; fileRef = 882112031DAAD55500A761DB /* ViewController.swift */; };
		882112071DAAD55500A761DB /* Main.storyboard in Resources */ = {isa = PBXBuildFile; fileRef = 882112051DAAD55500A761DB /* Main.storyboard */; };
		882112091DAAD55500A761DB /* Assets.xcassets in Resources */ = {isa = PBXBuildFile; fileRef = 882112081DAAD55500A761DB /* Assets.xcassets */; };
		8821120C1DAAD55500A761DB /* LaunchScreen.storyboard in Resources */ = {isa = PBXBuildFile; fileRef = 8821120A1DAAD55500A761DB /* LaunchScreen.storyboard */; };
/* End PBXBuildFile section */

/* Begin PBXFileReference section */
		882111FE1DAAD55500A761DB /* FlyoverDemo.app */ = {isa = PBXFileReference; explicitFileType = wrapper.application; includeInIndex = 0; path = FlyoverDemo.app; sourceTree = BUILT_PRODUCTS_DIR; };
		882112011DAAD55500A761DB /* AppDelegate.swift */ = {isa = PBXFileReference; lastKnownFileType = sourcecode.swift; path = AppDelegate.swift; sourceTree = "<group>"; };
		882112031DAAD55500A761DB /* ViewController.swift */ = {isa = PBXFileReference; lastKnownFileType = sourcecode.swift; path = ViewController.swift; sourceTree = "<group>"; };
		882112061DAAD55500A761DB /* Base */ = {isa = PBXFileReference; lastKnownFileType = file.storyboard; name = Base; path = Base.lproj/Main.storyboard; sourceTree = "<group>"; };
		882112081DAAD55500A761DB /* Assets.xcassets */ = {isa = PBXFileReference; lastKnownFileType = folder.assetcatalog; path = Assets.xcassets; sourceTree = "<group>"; };
		8821120B1DAAD55500A761DB /* Base */ = {isa = PBXFileReference; lastKnownFileType = file.storyboard; name = Base; path = Base.lproj/LaunchScreen.storyboard; sourceTree = "<group>"; };
		8821120D1DAAD55500A761DB /* Info.plist */ = {isa = PBXFileReference; lastKnownFileType = text.plist.xml; path = Info.plist; sourceTree = "<group>"; };
/* End PBXFileReference section */

/* Begin PBXFrameworksBuildPhase section */
		882111FB1DAAD55500A761DB /* Frameworks */ = {
			isa = PBXFrameworksBuildPhase;
			buildActionMask = 2147483647;
			files = (
			);
			runOnlyForDeploymentPostprocessing = 0;
		};
/* End PBXFrameworksBuildPhase section */

/* Begin PBXGroup section */
		882111F51DAAD55500A761DB = {
			isa = PBXGroup;
			children = (
				882112001DAAD55500A761DB /* FlyoverDemo */,
				882111FF1DAAD55500A761DB /* Products */,
			);
			sourceTree = "<group>";
		};
		882111FF1DAAD55500A761DB /* Products */ = {
			isa = PBXGroup;
			children = (
				882111FE1DAAD55500A761DB /* FlyoverDemo.app */,
			);
			name = Products;
			sourceTree = "<group>";
		};
		882112001DAAD55500A761DB /* FlyoverDemo */ = {
			isa = PBXGroup;
			children = (
				882112011DAAD55500A761DB /* AppDelegate.swift */,
				882112031DAAD55500A761DB /* ViewController.swift */,
				882112051DAAD55500A761DB /* Main.storyboard */,
				882112081DAAD55500A761DB /* Assets.xcassets */,
				8821120A1DAAD55500A761DB /* LaunchScreen.storyboard */,
				8821120D1DAAD55500A761DB /* Info.plist */,
			);
			path = FlyoverDemo;
			sourceTree = "<group>";
		};
/* End PBXGroup section */

/* Begin PBXNativeTarget section */
		882111FD1DAAD55500A761DB /* FlyoverDemo */ = {
			isa = PBXNativeTarget;
			buildConfigurationList = 882112101DAAD55500A761DB /* Build configuration list for PBXNativeTarget "FlyoverDemo" */;
			buildPhases = (
				882111FA1DAAD55500A761DB /* Sources */,
				882111FB1DAAD55500A761DB /* Frameworks */,
				882111FC1DAAD55500A761DB /* Resources */,
			);
			buildRules = (
			);
			dependencies = (
			);
			name = FlyoverDemo;
			productName = FlyoverDemo;
			productReference = 882111FE1DAAD55500A761DB /* FlyoverDemo.app */;
			productType = "com.apple.product-type.application";
		};
/* End PBXNativeTarget section */

/* Begin PBXProject section */
		882111F61DAAD55500A761DB /* Project object */ = {
			isa = PBXProject;
			attributes = {
				LastSwiftUpdateCheck = 0810;
				LastUpgradeCheck = 0810;
				ORGANIZATIONNAME = eBookFrenzy;
				TargetAttributes = {
					882111FD1DAAD55500A761DB = {
						CreatedOnToolsVersion = 8.1;
						DevelopmentTeam = 2UTH99GSB7;
						ProvisioningStyle = Automatic;
					};
				};
			};
			buildConfigurationList = 882111F91DAAD55500A761DB /* Build configuration list for PBXProject "FlyoverDemo" */;
			compatibilityVersion = "Xcode 3.2";
			developmentRegion = English;
			hasScannedForEncodings = 0;
			knownRegions = (
				en,
				Base,
			);
			mainGroup = 882111F51DAAD55500A761DB;
			productRefGroup = 882111FF1DAAD55500A761DB /* Products */;
			projectDirPath = "";
			projectRoot = "";
			targets = (
				882111FD1DAAD55500A761DB /* FlyoverDemo */,
			);
		};
/* End PBXProject section */

/* Begin PBXResourcesBuildPhase section */
		882111FC1DAAD55500A761DB /* Resources */ = {
			isa = PBXResourcesBuildPhase;
			buildActionMask = 2147483647;
			files = (
				8821120C1DAAD55500A761DB /* LaunchScreen.storyboard in Resources */,
				882112091DAAD55500A761DB /* Assets.xcassets in Resources */,
				882112071DAAD55500A761DB /* Main.storyboard in Resources */,
			);
			runOnlyForDeploymentPostprocessing = 0;
		};
/* End PBXResourcesBuildPhase section */

/* Begin PBXSourcesBuildPhase section */
		882111FA1DAAD55500A761DB /* Sources */ = {
			isa = PBXSourcesBuildPhase;
			buildActionMask = 2147483647;
			files = (
				882112041DAAD55500A761DB /* ViewController.swift in Sources */,
				882112021DAAD55500A761DB /* AppDelegate.swift in Sources */,
			);
			runOnlyForDeploymentPostprocessing = 0;
		};
/* End PBXSourcesBuildPhase section */

/* Begin PBXVariantGroup section */
		882112051DAAD55500A761DB /* Main.storyboard */ = {
			isa = PBXVariantGroup;
			children = (
				882112061DAAD55500A761DB /* Base */,
			);
			name = Main.storyboard;
			sourceTree = "<group>";
		};
		8821120A1DAAD55500A761DB /* LaunchScreen.storyboard */ = {
			isa = PBXVariantGroup;
			children = (
				8821120B1DAAD55500A761DB /* Base */,
			);
			name = LaunchScreen.storyboard;
			sourceTree = "<group>";
		};
/* End PBXVariantGroup section */

/* Begin XCBuildConfiguration section */
		8821120E1DAAD55500A761DB /* Debug */ = {
			isa = XCBuildConfiguration;
			buildSettings = {
				ALWAYS_SEARCH_USER_PATHS = NO;
				CLANG_ANALYZER_NONNULL = YES;
				CLANG_CXX_LANGUAGE_STANDARD = "gnu++0x";
				CLANG_CXX_LIBRARY = "libc++";
				CLANG_ENABLE_MODULES = YES;
				CLANG_ENABLE_OBJC_ARC = YES;
				CLANG_WARN_BOOL_CONVERSION = YES;
				CLANG_WARN_CONSTANT_CONVERSION = YES;
				CLANG_WARN_DIRECT_OBJC_ISA_USAGE = YES_ERROR;
				CLANG_WARN_DOCUMENTATION_COMMENTS = YES;
				CLANG_WARN_EMPTY_BODY = YES;
				CLANG_WARN_ENUM_CONVERSION = YES;
				CLANG_WARN_INFINITE_RECURSION = YES;
				CLANG_WARN_INT_CONVERSION = YES;
				CLANG_WARN_OBJC_ROOT_CLASS = YES_ERROR;
				CLANG_WARN_SUSPICIOUS_MOVES = YES;
				CLANG_WARN_UNREACHABLE_CODE = YES;
				CLANG_WARN__DUPLICATE_METHOD_MATCH = YES;
				"CODE_SIGN_IDENTITY[sdk=iphoneos*]" = "iPhone Developer";
				COPY_PHASE_STRIP = NO;
				DEBUG_INFORMATION_FORMAT = dwarf;
				ENABLE_STRICT_OBJC_MSGSEND = YES;
				ENABLE_TESTABILITY = YES;
				GCC_C_LANGUAGE_STANDARD = gnu99;
				GCC_DYNAMIC_NO_PIC = NO;
				GCC_NO_COMMON_BLOCKS = YES;
				GCC_OPTIMIZATION_LEVEL = 0;
				GCC_PREPROCESSOR_DEFINITIONS = (
					"DEBUG=1",
					"$(inherited)",
				);
				GCC_WARN_64_TO_32_BIT_CONVERSION = YES;
				GCC_WARN_ABOUT_RETURN_TYPE = YES_ERROR;
				GCC_WARN_UNDECLARED_SELECTOR = YES;
				GCC_WARN_UNINITIALIZED_AUTOS = YES_AGGRESSIVE;
				GCC_WARN_UNUSED_FUNCTION = YES;
				GCC_WARN_UNUSED_VARIABLE = YES;
				IPHONEOS_DEPLOYMENT_TARGET = 10.1;
				MTL_ENABLE_DEBUG_INFO = YES;
				ONLY_ACTIVE_ARCH = YES;
				SDKROOT = iphoneos;
				SWIFT_ACTIVE_COMPILATION_CONDITIONS = DEBUG;
				SWIFT_OPTIMIZATION_LEVEL = "-Onone";
				TARGETED_DEVICE_FAMILY = "1,2";
			};
			name = Debug;
		};
		8821120F1DAAD55500A761DB /* Release */ = {
			isa = XCBuildConfiguration;
			buildSettings = {
				ALWAYS_SEARCH_USER_PATHS = NO;
				CLANG_ANALYZER_NONNULL = YES;
				CLANG_CXX_LANGUAGE_STANDARD = "gnu++0x";
				CLANG_CXX_LIBRARY = "libc++";
				CLANG_ENABLE_MODULES = YES;
				CLANG_ENABLE_OBJC_ARC = YES;
				CLANG_WARN_BOOL_CONVERSION = YES;
				CLANG_WARN_CONSTANT_CONVERSION = YES;
				CLANG_WARN_DIRECT_OBJC_ISA_USAGE = YES_ERROR;
				CLANG_WARN_DOCUMENTATION_COMMENTS = YES;
				CLANG_WARN_EMPTY_BODY = YES;
				CLANG_WARN_ENUM_CONVERSION = YES;
				CLANG_WARN_INFINITE_RECURSION = YES;
				CLANG_WARN_INT_CONVERSION = YES;
				CLANG_WARN_OBJC_ROOT_CLASS = YES_ERROR;
				CLANG_WARN_SUSPICIOUS_MOVES = YES;
				CLANG_WARN_UNREACHABLE_CODE = YES;
				CLANG_WARN__DUPLICATE_METHOD_MATCH = YES;
				"CODE_SIGN_IDENTITY[sdk=iphoneos*]" = "iPhone Developer";
				COPY_PHASE_STRIP = NO;
				DEBUG_INFORMATION_FORMAT = "dwarf-with-dsym";
				ENABLE_NS_ASSERTIONS = NO;
				ENABLE_STRICT_OBJC_MSGSEND = YES;
				GCC_C_LANGUAGE_STANDARD = gnu99;
				GCC_NO_COMMON_BLOCKS = YES;
				GCC_WARN_64_TO_32_BIT_CONVERSION = YES;
				GCC_WARN_ABOUT_RETURN_TYPE = YES_ERROR;
				GCC_WARN_UNDECLARED_SELECTOR = YES;
				GCC_WARN_UNINITIALIZED_AUTOS = YES_AGGRESSIVE;
				GCC_WARN_UNUSED_FUNCTION = YES;
				GCC_WARN_UNUSED_VARIABLE = YES;
				IPHONEOS_DEPLOYMENT_TARGET = 10.1;
				MTL_ENABLE_DEBUG_INFO = NO;
				SDKROOT = iphoneos;
				SWIFT_OPTIMIZATION_LEVEL = "-Owholemodule";
				TARGETED_DEVICE_FAMILY = "1,2";
				VALIDATE_PRODUCT = YES;
			};
			name = Release;
		};
		882112111DAAD55500A761DB /* Debug */ = {
			isa = XCBuildConfiguration;
			buildSettings = {
				ASSETCATALOG_COMPILER_APPICON_NAME = AppIcon;
				DEVELOPMENT_TEAM = 2UTH99GSB7;
				INFOPLIST_FILE = FlyoverDemo/Info.plist;
				LD_RUNPATH_SEARCH_PATHS = "$(inherited) @executable_path/Frameworks";
				PRODUCT_BUNDLE_IDENTIFIER = com.payloadmedia.FlyoverDemo;
				PRODUCT_NAME = "$(TARGET_NAME)";
				SWIFT_VERSION = 3.0;
			};
			name = Debug;
		};
		882112121DAAD55500A761DB /* Release */ = {
			isa = XCBuildConfiguration;
			buildSettings = {
				ASSETCATALOG_COMPILER_APPICON_NAME = AppIcon;
				DEVELOPMENT_TEAM = 2UTH99GSB7;
				INFOPLIST_FILE = FlyoverDemo/Info.plist;
				LD_RUNPATH_SEARCH_PATHS = "$(inherited) @executable_path/Frameworks";
				PRODUCT_BUNDLE_IDENTIFIER = com.payloadmedia.FlyoverDemo;
				PRODUCT_NAME = "$(TARGET_NAME)";
				SWIFT_VERSION = 3.0;
			};
			name = Release;
		};
/* End XCBuildConfiguration section */

/* Begin XCConfigurationList section */
		882111F91DAAD55500A761DB /* Build configuration list for PBXProject "FlyoverDemo" */ = {
			isa = XCConfigurationList;
			buildConfigurations = (
				8821120E1DAAD55500A761DB /* Debug */,
				8821120F1DAAD55500A761DB /* Release */,
			);
			defaultConfigurationIsVisible = 0;
			defaultConfigurationName = Release;
		};
		882112101DAAD55500A761DB /* Build configuration list for PBXNativeTarget "FlyoverDemo" */ = {
			isa = XCConfigurationList;
			buildConfigurations = (
				882112111DAAD55500A761DB /* Debug */,
				882112121DAAD55500A761DB /* Release */,
			);
			defaultConfigurationIsVisible = 0;
		};
/* End XCConfigurationList section */
	};
	rootObject = 882111F61DAAD55500A761DB /* Project object */;
}
