// !$*UTF8*$!
{
	archiveVersion = 1;
	classes = {
	};
	objectVersion = 46;
	objects = {

/* Begin PBXBuildFile section */
		8819A9BF1DABFC93003A91D0 /* Assets.xcassets in Resources */ = {isa = PBXBuildFile; fileRef = 8819A9BE1DABFC93003A91D0 /* Assets.xcassets */; };
		8819A9C61DABFC93003A91D0 /* MessagesExtension.appex in Embed App Extensions */ = {isa = PBXBuildFile; fileRef = 8819A9C51DABFC93003A91D0 /* MessagesExtension.appex */; settings = {ATTRIBUTES = (RemoveHeadersOnCopy, ); }; };
		8819A9CB1DABFC93003A91D0 /* Messages.framework in Frameworks */ = {isa = PBXBuildFile; fileRef = 8819A9CA1DABFC93003A91D0 /* Messages.framework */; };
		8819A9CE1DABFC93003A91D0 /* MessagesViewController.swift in Sources */ = {isa = PBXBuildFile; fileRef = 8819A9CD1DABFC93003A91D0 /* MessagesViewController.swift */; };
		8819A9D11DABFC93003A91D0 /* MainInterface.storyboard in Resources */ = {isa = PBXBuildFile; fileRef = 8819A9CF1DABFC93003A91D0 /* MainInterface.storyboard */; };
		8819A9D31DABFC93003A91D0 /* Assets.xcassets in Resources */ = {isa = PBXBuildFile; fileRef = 8819A9D21DABFC93003A91D0 /* Assets.xcassets */; };
/* End PBXBuildFile section */

/* Begin PBXContainerItemProxy section */
		8819A9C71DABFC93003A91D0 /* PBXContainerItemProxy */ = {
			isa = PBXContainerItemProxy;
			containerPortal = 8819A9B51DABFC93003A91D0 /* Project object */;
			proxyType = 1;
			remoteGlobalIDString = 8819A9C41DABFC93003A91D0;
			remoteInfo = MessagesExtension;
		};
/* End PBXContainerItemProxy section */

/* Begin PBXCopyFilesBuildPhase section */
		8819A9DA1DABFC93003A91D0 /* Embed App Extensions */ = {
			isa = PBXCopyFilesBuildPhase;
			buildActionMask = 2147483647;
			dstPath = "";
			dstSubfolderSpec = 13;
			files = (
				8819A9C61DABFC93003A91D0 /* MessagesExtension.appex in Embed App Extensions */,
			);
			name = "Embed App Extensions";
			runOnlyForDeploymentPostprocessing = 0;
		};
/* End PBXCopyFilesBuildPhase section */

/* Begin PBXFileReference section */
		8819A9BB1DABFC93003A91D0 /* MessageApp.app */ = {isa = PBXFileReference; explicitFileType = wrapper.application; includeInIndex = 0; path = MessageApp.app; sourceTree = BUILT_PRODUCTS_DIR; };
		8819A9BE1DABFC93003A91D0 /* Assets.xcassets */ = {isa = PBXFileReference; lastKnownFileType = folder.assetcatalog; path = Assets.xcassets; sourceTree = "<group>"; };
		8819A9C01DABFC93003A91D0 /* Info.plist */ = {isa = PBXFileReference; lastKnownFileType = text.plist.xml; path = Info.plist; sourceTree = "<group>"; };
		8819A9C51DABFC93003A91D0 /* MessagesExtension.appex */ = {isa = PBXFileReference; explicitFileType = "wrapper.app-extension"; includeInIndex = 0; path = MessagesExtension.appex; sourceTree = BUILT_PRODUCTS_DIR; };
		8819A9CA1DABFC93003A91D0 /* Messages.framework */ = {isa = PBXFileReference; lastKnownFileType = wrapper.framework; name = Messages.framework; path = System/Library/Frameworks/Messages.framework; sourceTree = SDKROOT; };
		8819A9CD1DABFC93003A91D0 /* MessagesViewController.swift */ = {isa = PBXFileReference; lastKnownFileType = sourcecode.swift; path = MessagesViewController.swift; sourceTree = "<group>"; };
		8819A9D01DABFC93003A91D0 /* Base */ = {isa = PBXFileReference; lastKnownFileType = file.storyboard; name = Base; path = Base.lproj/MainInterface.storyboard; sourceTree = "<group>"; };
		8819A9D21DABFC93003A91D0 /* Assets.xcassets */ = {isa = PBXFileReference; lastKnownFileType = folder.assetcatalog; path = Assets.xcassets; sourceTree = "<group>"; };
		8819A9D41DABFC93003A91D0 /* Info.plist */ = {isa = PBXFileReference; lastKnownFileType = text.plist.xml; path = Info.plist; sourceTree = "<group>"; };
/* End PBXFileReference section */

/* Begin PBXFrameworksBuildPhase section */
		8819A9C21DABFC93003A91D0 /* Frameworks */ = {
			isa = PBXFrameworksBuildPhase;
			buildActionMask = 2147483647;
			files = (
				8819A9CB1DABFC93003A91D0 /* Messages.framework in Frameworks */,
			);
			runOnlyForDeploymentPostprocessing = 0;
		};
/* End PBXFrameworksBuildPhase section */

/* Begin PBXGroup section */
		8819A9B41DABFC93003A91D0 = {
			isa = PBXGroup;
			children = (
				8819A9BD1DABFC93003A91D0 /* MessageApp */,
				8819A9CC1DABFC93003A91D0 /* MessagesExtension */,
				8819A9C91DABFC93003A91D0 /* Frameworks */,
				8819A9BC1DABFC93003A91D0 /* Products */,
			);
			sourceTree = "<group>";
		};
		8819A9BC1DABFC93003A91D0 /* Products */ = {
			isa = PBXGroup;
			children = (
				8819A9BB1DABFC93003A91D0 /* MessageApp.app */,
				8819A9C51DABFC93003A91D0 /* MessagesExtension.appex */,
			);
			name = Products;
			sourceTree = "<group>";
		};
		8819A9BD1DABFC93003A91D0 /* MessageApp */ = {
			isa = PBXGroup;
			children = (
				8819A9BE1DABFC93003A91D0 /* Assets.xcassets */,
				8819A9C01DABFC93003A91D0 /* Info.plist */,
			);
			path = MessageApp;
			sourceTree = "<group>";
		};
		8819A9C91DABFC93003A91D0 /* Frameworks */ = {
			isa = PBXGroup;
			children = (
				8819A9CA1DABFC93003A91D0 /* Messages.framework */,
			);
			name = Frameworks;
			sourceTree = "<group>";
		};
		8819A9CC1DABFC93003A91D0 /* MessagesExtension */ = {
			isa = PBXGroup;
			children = (
				8819A9CD1DABFC93003A91D0 /* MessagesViewController.swift */,
				8819A9CF1DABFC93003A91D0 /* MainInterface.storyboard */,
				8819A9D21DABFC93003A91D0 /* Assets.xcassets */,
				8819A9D41DABFC93003A91D0 /* Info.plist */,
			);
			path = MessagesExtension;
			sourceTree = "<group>";
		};
/* End PBXGroup section */

/* Begin PBXNativeTarget section */
		8819A9BA1DABFC93003A91D0 /* MessageApp */ = {
			isa = PBXNativeTarget;
			buildConfigurationList = 8819A9DB1DABFC93003A91D0 /* Build configuration list for PBXNativeTarget "MessageApp" */;
			buildPhases = (
				8819A9B91DABFC93003A91D0 /* Resources */,
				8819A9DA1DABFC93003A91D0 /* Embed App Extensions */,
			);
			buildRules = (
			);
			dependencies = (
				8819A9C81DABFC93003A91D0 /* PBXTargetDependency */,
			);
			name = MessageApp;
			productName = MessageApp;
			productReference = 8819A9BB1DABFC93003A91D0 /* MessageApp.app */;
			productType = "com.apple.product-type.application.messages";
		};
		8819A9C41DABFC93003A91D0 /* MessagesExtension */ = {
			isa = PBXNativeTarget;
			buildConfigurationList = 8819A9D71DABFC93003A91D0 /* Build configuration list for PBXNativeTarget "MessagesExtension" */;
			buildPhases = (
				8819A9C11DABFC93003A91D0 /* Sources */,
				8819A9C21DABFC93003A91D0 /* Frameworks */,
				8819A9C31DABFC93003A91D0 /* Resources */,
			);
			buildRules = (
			);
			dependencies = (
			);
			name = MessagesExtension;
			productName = MessagesExtension;
			productReference = 8819A9C51DABFC93003A91D0 /* MessagesExtension.appex */;
			productType = "com.apple.product-type.app-extension.messages";
		};
/* End PBXNativeTarget section */

/* Begin PBXProject section */
		8819A9B51DABFC93003A91D0 /* Project object */ = {
			isa = PBXProject;
			attributes = {
				LastSwiftUpdateCheck = 0810;
				LastUpgradeCheck = 0810;
				ORGANIZATIONNAME = eBookFrenzy;
				TargetAttributes = {
					8819A9BA1DABFC93003A91D0 = {
						CreatedOnToolsVersion = 8.1;
						DevelopmentTeam = 2UTH99GSB7;
						ProvisioningStyle = Automatic;
					};
					8819A9C41DABFC93003A91D0 = {
						CreatedOnToolsVersion = 8.1;
						DevelopmentTeam = 2UTH99GSB7;
						ProvisioningStyle = Automatic;
					};
				};
			};
			buildConfigurationList = 8819A9B81DABFC93003A91D0 /* Build configuration list for PBXProject "MessageApp" */;
			compatibilityVersion = "Xcode 3.2";
			developmentRegion = English;
			hasScannedForEncodings = 0;
			knownRegions = (
				en,
				Base,
			);
			mainGroup = 8819A9B41DABFC93003A91D0;
			productRefGroup = 8819A9BC1DABFC93003A91D0 /* Products */;
			projectDirPath = "";
			projectRoot = "";
			targets = (
				8819A9BA1DABFC93003A91D0 /* MessageApp */,
				8819A9C41DABFC93003A91D0 /* MessagesExtension */,
			);
		};
/* End PBXProject section */

/* Begin PBXResourcesBuildPhase section */
		8819A9B91DABFC93003A91D0 /* Resources */ = {
			isa = PBXResourcesBuildPhase;
			buildActionMask = 2147483647;
			files = (
				8819A9BF1DABFC93003A91D0 /* Assets.xcassets in Resources */,
			);
			runOnlyForDeploymentPostprocessing = 0;
		};
		8819A9C31DABFC93003A91D0 /* Resources */ = {
			isa = PBXResourcesBuildPhase;
			buildActionMask = 2147483647;
			files = (
				8819A9D31DABFC93003A91D0 /* Assets.xcassets in Resources */,
				8819A9D11DABFC93003A91D0 /* MainInterface.storyboard in Resources */,
			);
			runOnlyForDeploymentPostprocessing = 0;
		};
/* End PBXResourcesBuildPhase section */

/* Begin PBXSourcesBuildPhase section */
		8819A9C11DABFC93003A91D0 /* Sources */ = {
			isa = PBXSourcesBuildPhase;
			buildActionMask = 2147483647;
			files = (
				8819A9CE1DABFC93003A91D0 /* MessagesViewController.swift in Sources */,
			);
			runOnlyForDeploymentPostprocessing = 0;
		};
/* End PBXSourcesBuildPhase section */

/* Begin PBXTargetDependency section */
		8819A9C81DABFC93003A91D0 /* PBXTargetDependency */ = {
			isa = PBXTargetDependency;
			target = 8819A9C41DABFC93003A91D0 /* MessagesExtension */;
			targetProxy = 8819A9C71DABFC93003A91D0 /* PBXContainerItemProxy */;
		};
/* End PBXTargetDependency section */

/* Begin PBXVariantGroup section */
		8819A9CF1DABFC93003A91D0 /* MainInterface.storyboard */ = {
			isa = PBXVariantGroup;
			children = (
				8819A9D01DABFC93003A91D0 /* Base */,
			);
			name = MainInterface.storyboard;
			sourceTree = "<group>";
		};
/* End PBXVariantGroup section */

/* Begin XCBuildConfiguration section */
		8819A9D51DABFC93003A91D0 /* Debug */ = {
			isa = XCBuildConfiguration;
			buildSettings = {
				ALWAYS_SEARCH_USER_PATHS = NO;
				CLANG_ANALYZER_NONNULL = YES;
				CLANG_CXX_LANGUAGE_STANDARD = "gnu++0x";
				CLANG_CXX_LIBRARY = "libc++";
				CLANG_ENABLE_MODULES = YES;
				CLANG_ENABLE_OBJC_ARC = YES;
				CLANG_WARN_BOOL_CONVERSION = YES;
				CLANG_WARN_CONSTANT_CONVERSION = YES;
				CLANG_WARN_DIRECT_OBJC_ISA_USAGE = YES_ERROR;
				CLANG_WARN_DOCUMENTATION_COMMENTS = YES;
				CLANG_WARN_EMPTY_BODY = YES;
				CLANG_WARN_ENUM_CONVERSION = YES;
				CLANG_WARN_INFINITE_RECURSION = YES;
				CLANG_WARN_INT_CONVERSION = YES;
				CLANG_WARN_OBJC_ROOT_CLASS = YES_ERROR;
				CLANG_WARN_SUSPICIOUS_MOVES = YES;
				CLANG_WARN_UNREACHABLE_CODE = YES;
				CLANG_WARN__DUPLICATE_METHOD_MATCH = YES;
				"CODE_SIGN_IDENTITY[sdk=iphoneos*]" = "iPhone Developer";
				COPY_PHASE_STRIP = NO;
				DEBUG_INFORMATION_FORMAT = dwarf;
				ENABLE_STRICT_OBJC_MSGSEND = YES;
				ENABLE_TESTABILITY = YES;
				GCC_C_LANGUAGE_STANDARD = gnu99;
				GCC_DYNAMIC_NO_PIC = NO;
				GCC_NO_COMMON_BLOCKS = YES;
				GCC_OPTIMIZATION_LEVEL = 0;
				GCC_PREPROCESSOR_DEFINITIONS = (
					"DEBUG=1",
					"$(inherited)",
				);
				GCC_WARN_64_TO_32_BIT_CONVERSION = YES;
				GCC_WARN_ABOUT_RETURN_TYPE = YES_ERROR;
				GCC_WARN_UNDECLARED_SELECTOR = YES;
				GCC_WARN_UNINITIALIZED_AUTOS = YES_AGGRESSIVE;
				GCC_WARN_UNUSED_FUNCTION = YES;
				GCC_WARN_UNUSED_VARIABLE = YES;
				IPHONEOS_DEPLOYMENT_TARGET = 10.1;
				MTL_ENABLE_DEBUG_INFO = YES;
				ONLY_ACTIVE_ARCH = YES;
				SDKROOT = iphoneos;
				SWIFT_ACTIVE_COMPILATION_CONDITIONS = DEBUG;
				SWIFT_OPTIMIZATION_LEVEL = "-Onone";
			};
			name = Debug;
		};
		8819A9D61DABFC93003A91D0 /* Release */ = {
			isa = XCBuildConfiguration;
			buildSettings = {
				ALWAYS_SEARCH_USER_PATHS = NO;
				CLANG_ANALYZER_NONNULL = YES;
				CLANG_CXX_LANGUAGE_STANDARD = "gnu++0x";
				CLANG_CXX_LIBRARY = "libc++";
				CLANG_ENABLE_MODULES = YES;
				CLANG_ENABLE_OBJC_ARC = YES;
				CLANG_WARN_BOOL_CONVERSION = YES;
				CLANG_WARN_CONSTANT_CONVERSION = YES;
				CLANG_WARN_DIRECT_OBJC_ISA_USAGE = YES_ERROR;
				CLANG_WARN_DOCUMENTATION_COMMENTS = YES;
				CLANG_WARN_EMPTY_BODY = YES;
				CLANG_WARN_ENUM_CONVERSION = YES;
				CLANG_WARN_INFINITE_RECURSION = YES;
				CLANG_WARN_INT_CONVERSION = YES;
				CLANG_WARN_OBJC_ROOT_CLASS = YES_ERROR;
				CLANG_WARN_SUSPICIOUS_MOVES = YES;
				CLANG_WARN_UNREACHABLE_CODE = YES;
				CLANG_WARN__DUPLICATE_METHOD_MATCH = YES;
				"CODE_SIGN_IDENTITY[sdk=iphoneos*]" = "iPhone Developer";
				COPY_PHASE_STRIP = NO;
				DEBUG_INFORMATION_FORMAT = "dwarf-with-dsym";
				ENABLE_NS_ASSERTIONS = NO;
				ENABLE_STRICT_OBJC_MSGSEND = YES;
				GCC_C_LANGUAGE_STANDARD = gnu99;
				GCC_NO_COMMON_BLOCKS = YES;
				GCC_WARN_64_TO_32_BIT_CONVERSION = YES;
				GCC_WARN_ABOUT_RETURN_TYPE = YES_ERROR;
				GCC_WARN_UNDECLARED_SELECTOR = YES;
				GCC_WARN_UNINITIALIZED_AUTOS = YES_AGGRESSIVE;
				GCC_WARN_UNUSED_FUNCTION = YES;
				GCC_WARN_UNUSED_VARIABLE = YES;
				IPHONEOS_DEPLOYMENT_TARGET = 10.1;
				MTL_ENABLE_DEBUG_INFO = NO;
				SDKROOT = iphoneos;
				SWIFT_OPTIMIZATION_LEVEL = "-Owholemodule";
				VALIDATE_PRODUCT = YES;
			};
			name = Release;
		};
		8819A9D81DABFC93003A91D0 /* Debug */ = {
			isa = XCBuildConfiguration;
			buildSettings = {
				ASSETCATALOG_COMPILER_APPICON_NAME = "iMessage App Icon";
				DEVELOPMENT_TEAM = 2UTH99GSB7;
				INFOPLIST_FILE = MessagesExtension/Info.plist;
				LD_RUNPATH_SEARCH_PATHS = "$(inherited) @executable_path/Frameworks @executable_path/../../Frameworks";
				PRODUCT_BUNDLE_IDENTIFIER = com.payloadmedia.MessageApp.MessagesExtension;
				PRODUCT_NAME = "$(TARGET_NAME)";
				SKIP_INSTALL = YES;
				SWIFT_VERSION = 3.0;
			};
			name = Debug;
		};
		8819A9D91DABFC93003A91D0 /* Release */ = {
			isa = XCBuildConfiguration;
			buildSettings = {
				ASSETCATALOG_COMPILER_APPICON_NAME = "iMessage App Icon";
				DEVELOPMENT_TEAM = 2UTH99GSB7;
				INFOPLIST_FILE = MessagesExtension/Info.plist;
				LD_RUNPATH_SEARCH_PATHS = "$(inherited) @executable_path/Frameworks @executable_path/../../Frameworks";
				PRODUCT_BUNDLE_IDENTIFIER = com.payloadmedia.MessageApp.MessagesExtension;
				PRODUCT_NAME = "$(TARGET_NAME)";
				SKIP_INSTALL = YES;
				SWIFT_VERSION = 3.0;
			};
			name = Release;
		};
		8819A9DC1DABFC93003A91D0 /* Debug */ = {
			isa = XCBuildConfiguration;
			buildSettings = {
				ALWAYS_EMBED_SWIFT_STANDARD_LIBRARIES = YES;
				ASSETCATALOG_COMPILER_APPICON_NAME = AppIcon;
				DEVELOPMENT_TEAM = 2UTH99GSB7;
				INFOPLIST_FILE = MessageApp/Info.plist;
				PRODUCT_BUNDLE_IDENTIFIER = com.payloadmedia.MessageApp;
				PRODUCT_NAME = "$(TARGET_NAME)";
				SWIFT_VERSION = 3.0;
				TARGETED_DEVICE_FAMILY = "1,2";
			};
			name = Debug;
		};
		8819A9DD1DABFC93003A91D0 /* Release */ = {
			isa = XCBuildConfiguration;
			buildSettings = {
				ALWAYS_EMBED_SWIFT_STANDARD_LIBRARIES = YES;
				ASSETCATALOG_COMPILER_APPICON_NAME = AppIcon;
				DEVELOPMENT_TEAM = 2UTH99GSB7;
				INFOPLIST_FILE = MessageApp/Info.plist;
				PRODUCT_BUNDLE_IDENTIFIER = com.payloadmedia.MessageApp;
				PRODUCT_NAME = "$(TARGET_NAME)";
				SWIFT_VERSION = 3.0;
				TARGETED_DEVICE_FAMILY = "1,2";
			};
			name = Release;
		};
/* End XCBuildConfiguration section */

/* Begin XCConfigurationList section */
		8819A9B81DABFC93003A91D0 /* Build configuration list for PBXProject "MessageApp" */ = {
			isa = XCConfigurationList;
			buildConfigurations = (
				8819A9D51DABFC93003A91D0 /* Debug */,
				8819A9D61DABFC93003A91D0 /* Release */,
			);
			defaultConfigurationIsVisible = 0;
			defaultConfigurationName = Release;
		};
		8819A9D71DABFC93003A91D0 /* Build configuration list for PBXNativeTarget "MessagesExtension" */ = {
			isa = XCConfigurationList;
			buildConfigurations = (
				8819A9D81DABFC93003A91D0 /* Debug */,
				8819A9D91DABFC93003A91D0 /* Release */,
			);
			defaultConfigurationIsVisible = 0;
		};
		8819A9DB1DABFC93003A91D0 /* Build configuration list for PBXNativeTarget "MessageApp" */ = {
			isa = XCConfigurationList;
			buildConfigurations = (
				8819A9DC1DABFC93003A91D0 /* Debug */,
				8819A9DD1DABFC93003A91D0 /* Release */,
			);
			defaultConfigurationIsVisible = 0;
		};
/* End XCConfigurationList section */
	};
	rootObject = 8819A9B51DABFC93003A91D0 /* Project object */;
}
